
Microsoft Visual Studio Solution File, Format Version 12.00
# Visual Studio Version 17
VisualStudioVersion = 17.5.002.0
MinimumVisualStudioVersion = 10.0.40219.1
Project("{9A19103F-16F7-4668-BE54-9A1E7A4F7556}") = "C_Sharp_Study", "C_Sharp_Study.csproj", "{F4CE5921-D477-4A7E-979C-B28486E18B44}"
EndProject
Project("{2150E333-8FDC-42A3-9474-1A3956D46DE8}") = "솔루션 항목", "솔루션 항목", "{41FB1A22-EA5E-43DE-8FBA-428F3D5E0357}"
EndProject
Global
	GlobalSection(SolutionConfigurationPlatforms) = preSolution
		Debug|Any CPU = Debug|Any CPU
		Release|Any CPU = Release|Any CPU
	EndGlobalSection
	GlobalSection(ProjectConfigurationPlatforms) = postSolution
		{F4CE5921-D477-4A7E-979C-B28486E18B44}.Debug|Any CPU.ActiveCfg = Debug|Any CPU
		{F4CE5921-D477-4A7E-979C-B28486E18B44}.Debug|Any CPU.Build.0 = Debug|Any CPU
		{F4CE5921-D477-4A7E-979C-B28486E18B44}.Release|Any CPU.ActiveCfg = Release|Any CPU
		{F4CE5921-D477-4A7E-979C-B28486E18B44}.Release|Any CPU.Build.0 = Release|Any CPU
	EndGlobalSection
	GlobalSection(SolutionProperties) = preSolution
		HideSolutionNode = FALSE
	EndGlobalSection
	GlobalSection(ExtensibilityGlobals) = postSolution
		SolutionGuid = {A0615BB7-53C6-4956-A260-DDCE57BD3DC4}
	EndGlobalSection
EndGlobal
